
Microsoft Visual Studio Solution File, Format Version 12.00
# Visual Studio Version 16
VisualStudioVersion = 16.0.29709.97
MinimumVisualStudioVersion = 10.0.40219.1
Project("{FAE04EC0-301F-11D3-BF4B-00C04F79EFBC}") = "BuildYourPC", "BuildYourPC\BuildYourPC.csproj", "{6DB4FDC9-9168-42C1-982E-DADEE7188D48}"
EndProject
Global
	GlobalSection(SolutionConfigurationPlatforms) = preSolution
		Debug|Any CPU = Debug|Any CPU
		Release|Any CPU = Release|Any CPU
	EndGlobalSection
	GlobalSection(ProjectConfigurationPlatforms) = postSolution
		{6DB4FDC9-9168-42C1-982E-DADEE7188D48}.Debug|Any CPU.ActiveCfg = Debug|Any CPU
		{6DB4FDC9-9168-42C1-982E-DADEE7188D48}.Debug|Any CPU.Build.0 = Debug|Any CPU
		{6DB4FDC9-9168-42C1-982E-DADEE7188D48}.Release|Any CPU.ActiveCfg = Release|Any CPU
		{6DB4FDC9-9168-42C1-982E-DADEE7188D48}.Release|Any CPU.Build.0 = Release|Any CPU
	EndGlobalSection
	GlobalSection(SolutionProperties) = preSolution
		HideSolutionNode = FALSE
	EndGlobalSection
	GlobalSection(ExtensibilityGlobals) = postSolution
		SolutionGuid = {79CAC32F-00F3-4480-B6A3-17D251DECEA8}
	EndGlobalSection
EndGlobal
